
Microsoft Visual Studio Solution File, Format Version 12.00
# Visual Studio Version 17
VisualStudioVersion = 17.0.31903.59
MinimumVisualStudioVersion = 10.0.40219.1
Project("{2150E333-8FDC-42A3-9474-1A3956D46DE8}") = "src", "src", "{827E0CD3-B72D-47B6-A68D-7590B98EB39B}"
EndProject
Project("{FAE04EC0-301F-11D3-BF4B-00C04F79EFBC}") = "LibraryConnect.Api", "src\LibraryConnect.Api\LibraryConnect.Api.csproj", "{AE5CD8E4-7F4C-453E-B5FD-7CD14877BE36}"
EndProject
Project("{FAE04EC0-301F-11D3-BF4B-00C04F79EFBC}") = "LibraryConnect.Application", "src\LibraryConnect.Application\LibraryConnect.Application.csproj", "{0BBC776F-DD07-4604-9F01-CD4898AD4119}"
EndProject
Project("{FAE04EC0-301F-11D3-BF4B-00C04F79EFBC}") = "LibraryConnect.Domain", "src\LibraryConnect.Domain\LibraryConnect.Domain.csproj", "{F3FBDB22-0E4E-42F9-9C4D-171FF4D518F1}"
EndProject
Project("{FAE04EC0-301F-11D3-BF4B-00C04F79EFBC}") = "LibraryConnect.Infrastructure", "src\LibraryConnect.Infrastructure\LibraryConnect.Infrastructure.csproj", "{1AE4D66D-549E-4838-98A9-44936D320362}"
EndProject
Project("{FAE04EC0-301F-11D3-BF4B-00C04F79EFBC}") = "LibraryConnect.Marc", "src\LibraryConnect.Marc\LibraryConnect.Marc.csproj", "{324AB711-D358-41FB-A369-2871017DB937}"
EndProject
Project("{FAE04EC0-301F-11D3-BF4B-00C04F79EFBC}") = "LibraryConnect.Reporting", "src\LibraryConnect.Reporting\LibraryConnect.Reporting.csproj", "{ADA0A8F6-4AC3-45C3-832B-B4C0A24B1913}"
EndProject
Project("{FAE04EC0-301F-11D3-BF4B-00C04F79EFBC}") = "LibraryConnect.IntegrationTests", "tests\LibraryConnect.IntegrationTests\LibraryConnect.IntegrationTests.csproj", "{DD6FA9B7-9F9A-42D2-BD80-120C6F486C9A}"
EndProject
Project("{FAE04EC0-301F-11D3-BF4B-00C04F79EFBC}") = "LibraryConnect.UnitTests", "tests\LibraryConnect.UnitTests\LibraryConnect.UnitTests.csproj", "{4988780B-69E6-4B9B-B250-51FBF5BD92CB}"
EndProject
Global
	GlobalSection(SolutionConfigurationPlatforms) = preSolution
		Debug|Any CPU = Debug|Any CPU
		Debug|x64 = Debug|x64
		Debug|x86 = Debug|x86
		Release|Any CPU = Release|Any CPU
		Release|x64 = Release|x64
		Release|x86 = Release|x86
	EndGlobalSection
	GlobalSection(ProjectConfigurationPlatforms) = postSolution
		{AE5CD8E4-7F4C-453E-B5FD-7CD14877BE36}.Debug|Any CPU.ActiveCfg = Debug|Any CPU
		{AE5CD8E4-7F4C-453E-B5FD-7CD14877BE36}.Debug|Any CPU.Build.0 = Debug|Any CPU
		{AE5CD8E4-7F4C-453E-B5FD-7CD14877BE36}.Debug|x64.ActiveCfg = Debug|Any CPU
		{AE5CD8E4-7F4C-453E-B5FD-7CD14877BE36}.Debug|x64.Build.0 = Debug|Any CPU
		{AE5CD8E4-7F4C-453E-B5FD-7CD14877BE36}.Debug|x86.ActiveCfg = Debug|Any CPU
		{AE5CD8E4-7F4C-453E-B5FD-7CD14877BE36}.Debug|x86.Build.0 = Debug|Any CPU
		{AE5CD8E4-7F4C-453E-B5FD-7CD14877BE36}.Release|Any CPU.ActiveCfg = Release|Any CPU
		{AE5CD8E4-7F4C-453E-B5FD-7CD14877BE36}.Release|Any CPU.Build.0 = Release|Any CPU
		{AE5CD8E4-7F4C-453E-B5FD-7CD14877BE36}.Release|x64.ActiveCfg = Release|Any CPU
		{AE5CD8E4-7F4C-453E-B5FD-7CD14877BE36}.Release|x64.Build.0 = Release|Any CPU
		{AE5CD8E4-7F4C-453E-B5FD-7CD14877BE36}.Release|x86.ActiveCfg = Release|Any CPU
		{AE5CD8E4-7F4C-453E-B5FD-7CD14877BE36}.Release|x86.Build.0 = Release|Any CPU
		{0BBC776F-DD07-4604-9F01-CD4898AD4119}.Debug|Any CPU.ActiveCfg = Debug|Any CPU
		{0BBC776F-DD07-4604-9F01-CD4898AD4119}.Debug|Any CPU.Build.0 = Debug|Any CPU
		{0BBC776F-DD07-4604-9F01-CD4898AD4119}.Debug|x64.ActiveCfg = Debug|Any CPU
		{0BBC776F-DD07-4604-9F01-CD4898AD4119}.Debug|x64.Build.0 = Debug|Any CPU
		{0BBC776F-DD07-4604-9F01-CD4898AD4119}.Debug|x86.ActiveCfg = Debug|Any CPU
		{0BBC776F-DD07-4604-9F01-CD4898AD4119}.Debug|x86.Build.0 = Debug|Any CPU
		{0BBC776F-DD07-4604-9F01-CD4898AD4119}.Release|Any CPU.ActiveCfg = Release|Any CPU
		{0BBC776F-DD07-4604-9F01-CD4898AD4119}.Release|Any CPU.Build.0 = Release|Any CPU
		{0BBC776F-DD07-4604-9F01-CD4898AD4119}.Release|x64.ActiveCfg = Release|Any CPU
		{0BBC776F-DD07-4604-9F01-CD4898AD4119}.Release|x64.Build.0 = Release|Any CPU
		{0BBC776F-DD07-4604-9F01-CD4898AD4119}.Release|x86.ActiveCfg = Release|Any CPU
		{0BBC776F-DD07-4604-9F01-CD4898AD4119}.Release|x86.Build.0 = Release|Any CPU
		{F3FBDB22-0E4E-42F9-9C4D-171FF4D518F1}.Debug|Any CPU.ActiveCfg = Debug|Any CPU
		{F3FBDB22-0E4E-42F9-9C4D-171FF4D518F1}.Debug|Any CPU.Build.0 = Debug|Any CPU
		{F3FBDB22-0E4E-42F9-9C4D-171FF4D518F1}.Debug|x64.ActiveCfg = Debug|Any CPU
		{F3FBDB22-0E4E-42F9-9C4D-171FF4D518F1}.Debug|x64.Build.0 = Debug|Any CPU
		{F3FBDB22-0E4E-42F9-9C4D-171FF4D518F1}.Debug|x86.ActiveCfg = Debug|Any CPU
		{F3FBDB22-0E4E-42F9-9C4D-171FF4D518F1}.Debug|x86.Build.0 = Debug|Any CPU
		{F3FBDB22-0E4E-42F9-9C4D-171FF4D518F1}.Release|Any CPU.ActiveCfg = Release|Any CPU
		{F3FBDB22-0E4E-42F9-9C4D-171FF4D518F1}.Release|Any CPU.Build.0 = Release|Any CPU
		{F3FBDB22-0E4E-42F9-9C4D-171FF4D518F1}.Release|x64.ActiveCfg = Release|Any CPU
		{F3FBDB22-0E4E-42F9-9C4D-171FF4D518F1}.Release|x64.Build.0 = Release|Any CPU
		{F3FBDB22-0E4E-42F9-9C4D-171FF4D518F1}.Release|x86.ActiveCfg = Release|Any CPU
		{F3FBDB22-0E4E-42F9-9C4D-171FF4D518F1}.Release|x86.Build.0 = Release|Any CPU
		{1AE4D66D-549E-4838-98A9-44936D320362}.Debug|Any CPU.ActiveCfg = Debug|Any CPU
		{1AE4D66D-549E-4838-98A9-44936D320362}.Debug|Any CPU.Build.0 = Debug|Any CPU
		{1AE4D66D-549E-4838-98A9-44936D320362}.Debug|x64.ActiveCfg = Debug|Any CPU
		{1AE4D66D-549E-4838-98A9-44936D320362}.Debug|x64.Build.0 = Debug|Any CPU
		{1AE4D66D-549E-4838-98A9-44936D320362}.Debug|x86.ActiveCfg = Debug|Any CPU
		{1AE4D66D-549E-4838-98A9-44936D320362}.Debug|x86.Build.0 = Debug|Any CPU
		{1AE4D66D-549E-4838-98A9-44936D320362}.Release|Any CPU.ActiveCfg = Release|Any CPU
		{1AE4D66D-549E-4838-98A9-44936D320362}.Release|Any CPU.Build.0 = Release|Any CPU
		{1AE4D66D-549E-4838-98A9-44936D320362}.Release|x64.ActiveCfg = Release|Any CPU
		{1AE4D66D-549E-4838-98A9-44936D320362}.Release|x64.Build.0 = Release|Any CPU
		{1AE4D66D-549E-4838-98A9-44936D320362}.Release|x86.ActiveCfg = Release|Any CPU
		{1AE4D66D-549E-4838-98A9-44936D320362}.Release|x86.Build.0 = Release|Any CPU
		{324AB711-D358-41FB-A369-2871017DB937}.Debug|Any CPU.ActiveCfg = Debug|Any CPU
		{324AB711-D358-41FB-A369-2871017DB937}.Debug|Any CPU.Build.0 = Debug|Any CPU
		{324AB711-D358-41FB-A369-2871017DB937}.Debug|x64.ActiveCfg = Debug|Any CPU
		{324AB711-D358-41FB-A369-2871017DB937}.Debug|x64.Build.0 = Debug|Any CPU
		{324AB711-D358-41FB-A369-2871017DB937}.Debug|x86.ActiveCfg = Debug|Any CPU
		{324AB711-D358-41FB-A369-2871017DB937}.Debug|x86.Build.0 = Debug|Any CPU
		{324AB711-D358-41FB-A369-2871017DB937}.Release|Any CPU.ActiveCfg = Release|Any CPU
		{324AB711-D358-41FB-A369-2871017DB937}.Release|Any CPU.Build.0 = Release|Any CPU
		{324AB711-D358-41FB-A369-2871017DB937}.Release|x64.ActiveCfg = Release|Any CPU
		{324AB711-D358-41FB-A369-2871017DB937}.Release|x64.Build.0 = Release|Any CPU
		{324AB711-D358-41FB-A369-2871017DB937}.Release|x86.ActiveCfg = Release|Any CPU
		{324AB711-D358-41FB-A369-2871017DB937}.Release|x86.Build.0 = Release|Any CPU
		{ADA0A8F6-4AC3-45C3-832B-B4C0A24B1913}.Debug|Any CPU.ActiveCfg = Debug|Any CPU
		{ADA0A8F6-4AC3-45C3-832B-B4C0A24B1913}.Debug|Any CPU.Build.0 = Debug|Any CPU
		{ADA0A8F6-4AC3-45C3-832B-B4C0A24B1913}.Debug|x64.ActiveCfg = Debug|Any CPU
		{ADA0A8F6-4AC3-45C3-832B-B4C0A24B1913}.Debug|x64.Build.0 = Debug|Any CPU
		{ADA0A8F6-4AC3-45C3-832B-B4C0A24B1913}.Debug|x86.ActiveCfg = Debug|Any CPU
		{ADA0A8F6-4AC3-45C3-832B-B4C0A24B1913}.Debug|x86.Build.0 = Debug|Any CPU
		{ADA0A8F6-4AC3-45C3-832B-B4C0A24B1913}.Release|Any CPU.ActiveCfg = Release|Any CPU
		{ADA0A8F6-4AC3-45C3-832B-B4C0A24B1913}.Release|Any CPU.Build.0 = Release|Any CPU
		{ADA0A8F6-4AC3-45C3-832B-B4C0A24B1913}.Release|x64.ActiveCfg = Release|Any CPU
		{ADA0A8F6-4AC3-45C3-832B-B4C0A24B1913}.Release|x64.Build.0 = Release|Any CPU
		{ADA0A8F6-4AC3-45C3-832B-B4C0A24B1913}.Release|x86.ActiveCfg = Release|Any CPU
		{ADA0A8F6-4AC3-45C3-832B-B4C0A24B1913}.Release|x86.Build.0 = Release|Any CPU
		{DD6FA9B7-9F9A-42D2-BD80-120C6F486C9A}.Debug|Any CPU.ActiveCfg = Debug|Any CPU
		{DD6FA9B7-9F9A-42D2-BD80-120C6F486C9A}.Debug|Any CPU.Build.0 = Debug|Any CPU
		{DD6FA9B7-9F9A-42D2-BD80-120C6F486C9A}.Debug|x64.ActiveCfg = Debug|Any CPU
		{DD6FA9B7-9F9A-42D2-BD80-120C6F486C9A}.Debug|x64.Build.0 = Debug|Any CPU
		{DD6FA9B7-9F9A-42D2-BD80-120C6F486C9A}.Debug|x86.ActiveCfg = Debug|Any CPU
		{DD6FA9B7-9F9A-42D2-BD80-120C6F486C9A}.Debug|x86.Build.0 = Debug|Any CPU
		{DD6FA9B7-9F9A-42D2-BD80-120C6F486C9A}.Release|Any CPU.ActiveCfg = Release|Any CPU
		{DD6FA9B7-9F9A-42D2-BD80-120C6F486C9A}.Release|Any CPU.Build.0 = Release|Any CPU
		{DD6FA9B7-9F9A-42D2-BD80-120C6F486C9A}.Release|x64.ActiveCfg = Release|Any CPU
		{DD6FA9B7-9F9A-42D2-BD80-120C6F486C9A}.Release|x64.Build.0 = Release|Any CPU
		{DD6FA9B7-9F9A-42D2-BD80-120C6F486C9A}.Release|x86.ActiveCfg = Release|Any CPU
		{DD6FA9B7-9F9A-42D2-BD80-120C6F486C9A}.Release|x86.Build.0 = Release|Any CPU
		{4988780B-69E6-4B9B-B250-51FBF5BD92CB}.Debug|Any CPU.ActiveCfg = Debug|Any CPU
		{4988780B-69E6-4B9B-B250-51FBF5BD92CB}.Debug|Any CPU.Build.0 = Debug|Any CPU
		{4988780B-69E6-4B9B-B250-51FBF5BD92CB}.Debug|x64.ActiveCfg = Debug|Any CPU
		{4988780B-69E6-4B9B-B250-51FBF5BD92CB}.Debug|x64.Build.0 = Debug|Any CPU
		{4988780B-69E6-4B9B-B250-51FBF5BD92CB}.Debug|x86.ActiveCfg = Debug|Any CPU
		{4988780B-69E6-4B9B-B250-51FBF5BD92CB}.Debug|x86.Build.0 = Debug|Any CPU
		{4988780B-69E6-4B9B-B250-51FBF5BD92CB}.Release|Any CPU.ActiveCfg = Release|Any CPU
		{4988780B-69E6-4B9B-B250-51FBF5BD92CB}.Release|Any CPU.Build.0 = Release|Any CPU
		{4988780B-69E6-4B9B-B250-51FBF5BD92CB}.Release|x64.ActiveCfg = Release|Any CPU
		{4988780B-69E6-4B9B-B250-51FBF5BD92CB}.Release|x64.Build.0 = Release|Any CPU
		{4988780B-69E6-4B9B-B250-51FBF5BD92CB}.Release|x86.ActiveCfg = Release|Any CPU
		{4988780B-69E6-4B9B-B250-51FBF5BD92CB}.Release|x86.Build.0 = Release|Any CPU
	EndGlobalSection
	GlobalSection(SolutionProperties) = preSolution
		HideSolutionNode = FALSE
	EndGlobalSection
	GlobalSection(NestedProjects) = preSolution
		{AE5CD8E4-7F4C-453E-B5FD-7CD14877BE36} = {827E0CD3-B72D-47B6-A68D-7590B98EB39B}
		{0BBC776F-DD07-4604-9F01-CD4898AD4119} = {827E0CD3-B72D-47B6-A68D-7590B98EB39B}
		{F3FBDB22-0E4E-42F9-9C4D-171FF4D518F1} = {827E0CD3-B72D-47B6-A68D-7590B98EB39B}
		{1AE4D66D-549E-4838-98A9-44936D320362} = {827E0CD3-B72D-47B6-A68D-7590B98EB39B}
		{324AB711-D358-41FB-A369-2871017DB937} = {827E0CD3-B72D-47B6-A68D-7590B98EB39B}
		{ADA0A8F6-4AC3-45C3-832B-B4C0A24B1913} = {827E0CD3-B72D-47B6-A68D-7590B98EB39B}
		{DD6FA9B7-9F9A-42D2-BD80-120C6F486C9A} = {827E0CD3-B72D-47B6-A68D-7590B98EB39B}
		{4988780B-69E6-4B9B-B250-51FBF5BD92CB} = {827E0CD3-B72D-47B6-A68D-7590B98EB39B}
	EndGlobalSection
EndGlobal
